{
    "_meta": {
        "hash": {
            "sha256": "01df7005b3373a7c7d127dbf245b0e0199c55c32556c80f9c16b5c72fbb43bf9"
        },
        "pipfile-spec": 6,
        "requires": {
            "python_version": "2.7"
        },
        "sources": [
            {
                "name": "pypi",
                "url": "https://pypi.org/simple",
                "verify_ssl": true
            }
        ]
    },
    "default": {
        "autosub": {
            "hashes": [
                "sha256:121ab97c7c4efa76dbada8f5b79a6f2aff300ad2b0e56c3156e88a88eccc6007"
            ],
            "index": "pypi",
            "version": "==0.3.12"
        },
        "cachetools": {
            "hashes": [
                "sha256:428266a1c0d36dc5aca63a2d7c5942e88c2c898d72139fca0e97fdd2380517ae",
                "sha256:8ea2d3ce97850f31e4a08b0e2b5e6c34997d7216a9d2c98e0f3978630d4da69a"
            ],
            "version": "==3.1.1"
        },
        "certifi": {
            "hashes": [
                "sha256:2bbf76fd432960138b3ef6dda3dde0544f27cbf8546c458e60baf371917ba9ee",
                "sha256:50b1e4f8446b06f41be7dd6338db18e0990601dce795c2b1686458aa7e8fa7d8"
            ],
            "version": "==2021.5.30"
        },
        "chardet": {
            "hashes": [
                "sha256:0d6f53a15db4120f2b08c94f11e7d93d2c911ee118b6b30a04ec3ee8310179fa",
                "sha256:f864054d66fd9118f2e67044ac8981a54775ec5b67aed0441892edb553d21da5"
            ],
            "version": "==4.0.0"
        },
        "decorator": {
            "hashes": [
                "sha256:41fa54c2a0cc4ba648be4fd43cff00aedf5b9465c9bf18d64325bc225f08f760",
                "sha256:e3a62f0520172440ca0dcc823749319382e377f37f140a0b99ef45fecb84bfe7"
            ],
            "version": "==4.4.2"
        },
        "enum34": {
            "hashes": [
                "sha256:a98a201d6de3f2ab3db284e70a33b0f896fbf35f8086594e8c9e74b909058d53",
                "sha256:c3858660960c984d6ab0ebad691265180da2b43f07e061c0f8dca9ef3cffd328",
                "sha256:cce6a7477ed816bd2542d03d53db9f0db935dd013b70f336a95c73979289f248"
            ],
            "version": "==1.1.10"
        },
        "futures": {
            "hashes": [
                "sha256:49b3f5b064b6e3afc3316421a3f25f66c137ae88f068abbf72830170033c5e16",
                "sha256:7e033af76a5e35f58e56da7a91e687706faf4e7bdfb2cbc3f2cca6b9bcda9794"
            ],
            "markers": "python_version < '3.2'",
            "version": "==3.3.0"
        },
        "google-api-core": {
            "hashes": [
                "sha256:02646803bd728e12dd1f45ee1dcc31c12614c9a1ac451b9a1ce26aa65df9b957",
                "sha256:a658a4e367511a444c7daf2c58855ff6fd7f7d138c154e5b17186c1f8154c8cb"
            ],
            "version": "==1.28.0"
        },
        "google-api-python-client": {
            "hashes": [
                "sha256:3c4c4ca46b5c21196bec7ee93453443e477d82cbfa79234d1ce0645f81170eaf",
                "sha256:f3b9684442eec2cfe9f9bb48e796ef919456b82142c7528c5fd527e5224f08bb"
            ],
            "version": "==1.12.8"
        },
        "google-auth": {
            "hashes": [
                "sha256:044d81b1e58012f8ebc71cc134e191c1fa312f543f1fbc99973afe28c25e3228",
                "sha256:b3ca7a8ff9ab3bdefee3ad5aefb11fc6485423767eee016f5942d8e606ca23fb"
            ],
            "version": "==1.30.1"
        },
        "google-auth-httplib2": {
            "hashes": [
                "sha256:31e49c36c6b5643b57e82617cb3e021e3e1d2df9da63af67252c02fa9c1f4a10",
                "sha256:a07c39fd632becacd3f07718dfd6021bf396978f03ad3ce4321d060015cc30ac"
            ],
            "version": "==0.1.0"
        },
        "googleapis-common-protos": {
            "hashes": [
                "sha256:560716c807117394da12cecb0a54da5a451b5cf9866f1d37e9a5e2329a665351",
                "sha256:c8961760f5aad9a711d37b675be103e0cc4e9a39327e0d6d857872f698403e24"
            ],
            "version": "==1.52.0"
        },
        "httplib2": {
            "hashes": [
                "sha256:0b12617eeca7433d4c396a100eaecfa4b08ee99aa881e6df6e257a7aad5d533d",
                "sha256:2ad195faf9faf079723f6714926e9a9061f694d07724b846658ce08d40f522b4"
            ],
            "version": "==0.19.1"
        },
        "idna": {
            "hashes": [
                "sha256:b307872f855b18632ce0c21c5e45be78c0ea7ae4c15c828c20788b26921eb3f6",
                "sha256:b97d804b1e9b523befed77c48dacec60e6dcb0b5391d57af6a65a312a90648c0"
            ],
            "version": "==2.10"
        },
        "imageio": {
            "hashes": [
                "sha256:16b8077bc8a5fa7a58b3e744f7ecbb156d8c088132df31e0f4f546c98de3514a"
            ],
            "version": "==2.4.1"
        },
        "moviepy": {
            "hashes": [
                "sha256:9d5b0a0e884c0eb92c431baa110e560059720aab15d2ef3e4cba3892c34cf1ed"
            ],
            "index": "pypi",
            "version": "==1.0.1"
        },
        "numpy": {
            "hashes": [
                "sha256:08bf4f66f190822f4642e036accde8da810b87fffc0b9409e7a00d9e54760099",
                "sha256:1680c8d5086a88d293dfd1a10b6429a09140cacee878034fa2308472ec835db4",
                "sha256:23cad5e5858dfb73c0e5bce03fe78e5e5908c22263156c58d4afdbb240683c6c",
                "sha256:345b1748e6b0d4773a518868c783b16fdc33a22683bdb863484cd29fe8d206e6",
                "sha256:34e6bb44e3d9a663f903b8c297ede865b4dff039aa43cc9a0b249e02c27f1396",
                "sha256:390f6e14a8d73591f086680464aa101a9be9187d0c633f48c98b429b31b712c2",
                "sha256:3f423b06bf67cd1dbf72e13e9b53a9ca71972e5abf712ee6cb5d8cbb178fff02",
                "sha256:55cae40d2024c56e7b79fb070106cb4289dcc6b55c62dba1d89a6944448c6a53",
                "sha256:60c56922c9d759d664078fbef94132377ef1498ab27dd3d0cc7a21b346e68c06",
                "sha256:6b1853364775edb85ceb0f7f8214d9e993d4d1d9bd3310eae80529ea14ba2ba6",
                "sha256:77399828d96cca386bfba453025c34f22569909d90332b961d3d4341cdb46a84",
                "sha256:7a5a1f49a643aa1ab3e0579da0a48b8a48ea4369eb63c5065459d0a37f430237",
                "sha256:817eed5a6ec2fc9c1a0ee3fbf9a441c66b6766383580513ccbdf3121acc0b4fb",
                "sha256:97ddfa7688295d460ee48a4d76337e9fdd2506d9d1d0eee7f0348b42b430da4c",
                "sha256:9bb690692f3101583b0b99f3be362742e4f8ebe6c7934fa36cd8ca2b567a0bcc",
                "sha256:a1772dc227e3e415eeaa646d25690dc854bddc3d626e454c7c27acba060cb900",
                "sha256:a1ffc9c770ccc2be9284310a3726c918b26ca19b34c0079e7a41aba950ab175f",
                "sha256:a4383edb1b8caa989c3541a37ef204916322c503b8eeacc7ee8f4ba24cac97b8",
                "sha256:b9e334568ca1bf56598eddfac6db6a75bcf1c91aa90d598648f21e45207daeae",
                "sha256:c9fb4fcfcdcaccfe2c4e1f9e0133ed59df5df2aa3655f3d391887e892b0a784c",
                "sha256:d3c5377c6122de876e695937ef41ffee5d2831154c5e4856481b93406cdfeecb",
                "sha256:d759ca1b76ac6f6b6159fb74984126035feb1dee9f68b4b961889b6dc090f33a",
                "sha256:e5cf3fdf13401885e8eea8170624ec96225e2174eb0c611c6f26dd33b489e3ff"
            ],
            "version": "==1.16.6"
        },
        "packaging": {
            "hashes": [
                "sha256:5b327ac1320dc863dca72f4514ecc086f31186744b84a230374cc1fd776feae5",
                "sha256:67714da7f7bc052e064859c05c595155bd1ee9f69f76557e21f051443c20947a"
            ],
            "version": "==20.9"
        },
        "pillow": {
            "hashes": [
                "sha256:00e0bbe9923adc5cc38a8da7d87d4ce16cde53b8d3bba8886cb928e84522d963",
                "sha256:03457e439d073770d88afdd90318382084732a5b98b0eb6f49454746dbaae701",
                "sha256:0d5c99f80068f13231ac206bd9b2e80ea357f5cf9ae0fa97fab21e32d5b61065",
                "sha256:1a3bc8e1db5af40a81535a62a591fafdb30a8a1b319798ea8052aa65ef8f06d2",
                "sha256:2b4a94be53dff02af90760c10a2e3634c3c7703410f38c98154d5ce71fe63d20",
                "sha256:3ba7d8f1d962780f86aa747fef0baf3211b80cb13310fff0c375da879c0656d4",
                "sha256:3e81485cec47c24f5fb27acb485a4fc97376b2b332ed633867dc68ac3077998c",
                "sha256:43ef1cff7ee57f9c8c8e6fa02a62eae9fa23a7e34418c7ce88c0e3fe09d1fb38",
                "sha256:4adc3302df4faf77c63ab3a83e1a3e34b94a6a992084f4aa1cb236d1deaf4b39",
                "sha256:535e8e0e02c9f1fc2e307256149d6ee8ad3aa9a6e24144b7b6e6fb6126cb0e99",
                "sha256:5ccfcb0a34ad9b77ad247c231edb781763198f405a5c8dc1b642449af821fb7f",
                "sha256:5dcbbaa3a24d091a64560d3c439a8962866a79a033d40eb1a75f1b3413bfc2bc",
                "sha256:6e2a7e74d1a626b817ecb7a28c433b471a395c010b2a1f511f976e9ea4363e64",
                "sha256:82859575005408af81b3e9171ae326ff56a69af5439d3fc20e8cb76cd51c8246",
                "sha256:834dd023b7f987d6b700ad93dc818098d7eb046bd445e9992b3093c6f9d7a95f",
                "sha256:87ef0eca169f7f0bc050b22f05c7e174a65c36d584428431e802c0165c5856ea",
                "sha256:900de1fdc93764be13f6b39dc0dd0207d9ff441d87ad7c6e97e49b81987dc0f3",
                "sha256:92b83b380f9181cacc994f4c983d95a9c8b00b50bf786c66d235716b526a3332",
                "sha256:aa1b0297e352007ec781a33f026afbb062a9a9895bb103c8f49af434b1666880",
                "sha256:aa4792ab056f51b49e7d59ce5733155e10a918baf8ce50f64405db23d5627fa2",
                "sha256:b72c39585f1837d946bd1a829a4820ccf86e361f28cbf60f5d646f06318b61e2",
                "sha256:bb7861e4618a0c06c40a2e509c1bea207eea5fd4320d486e314e00745a402ca5",
                "sha256:bc149dab804291a18e1186536519e5e122a2ac1316cb80f506e855a500b1cdd4",
                "sha256:c424d35a5259be559b64490d0fd9e03fba81f1ce8e5b66e0a59de97547351d80",
                "sha256:cbd5647097dc55e501f459dbac7f1d0402225636deeb9e0a98a8d2df649fc19d",
                "sha256:ccf16fe444cc43800eeacd4f4769971200982200a71b1368f49410d0eb769543",
                "sha256:d3a98444a00b4643b22b0685dbf9e0ddcaf4ebfd4ea23f84f228adf5a0765bb2",
                "sha256:d6b4dc325170bee04ca8292bbd556c6f5398d52c6149ca881e67daf62215426f",
                "sha256:db9ff0c251ed066d367f53b64827cc9e18ccea001b986d08c265e53625dab950",
                "sha256:e3a797a079ce289e59dbd7eac9ca3bf682d52687f718686857281475b7ca8e6a"
            ],
            "version": "==6.2.2"
        },
        "proglog": {
            "hashes": [
                "sha256:d8c4ccbf2138e0c5e3f3fc0d80dc51d7e69dcfe8bfde4cacb566725092a5b18d"
            ],
            "version": "==0.1.9"
        },
        "progressbar": {
            "hashes": [
                "sha256:5d81cb529da2e223b53962afd6c8ca0f05c6670e40309a7219eacc36af9b6c63"
            ],
            "version": "==2.5"
        },
        "protobuf": {
            "hashes": [
                "sha256:0f237c1e84e46747397a3e8173edb3116e81163b2878fc944a5193b05876eaee",
                "sha256:1fcace96670b8512e805d6e275bd59b860967a7648e05cfad35ec1e7c03d7262",
                "sha256:25bc4f1c23aced9b3a9e70eef7f03e63bcbd6cfbd881a91b5688412dce8992e1",
                "sha256:27c7c933b838a0837eb1f429e7994310ee8577a7b69abc38e84d5db97a2650a2",
                "sha256:2a88be54fce118d69f083b847554afd1852053c0869bdac396678ec9ec6a94d5",
                "sha256:2c6ad26f079301bcf9f1b5d5b4b2dbac0e2e7c0111c6fbecf94f558952c78ee0",
                "sha256:36d306dda3c159a5fe0025ba0e9728aac00dd69523dd12ee3fb7b1717cd80e7d",
                "sha256:40bf764b63f06a816b1c079f7718184fdd8dbfd9dad3cd1a446382492ca00b3e",
                "sha256:437d4681160ac5310457c4dc8ab973ec56769a236c479393c53fa71a26dfb38f",
                "sha256:4ef4865ee740d5b45adfc96481adf1fcbfbb454bd51b86f4c4a5065262d0b08b",
                "sha256:5057744a363d65d2780dc01fa751bb14e860c507b2598b22af241aabb28a0ae9",
                "sha256:6e48c9b26d8e262331c79b208c4bf6b499a71912b1213d77b63c5ca248fc2a4e",
                "sha256:762faa8873d0569466cf66128bdbadd5e500600bdf2f87cf039493ed9d2725b6",
                "sha256:8a509097ba25452c9b44198843b0df67f921bd36f37adcbcfaaf6ee5cbe09132",
                "sha256:94be4d5c2ba372ff159b2cc804d274acbaa7ebf361966f5619f99880c7c09a3c",
                "sha256:a15898d88307dba0363767b30960396a2dec74b8ffe7bcb4e885312a569eda3f",
                "sha256:ad17d3dd80f3377fc70a9dd677ec51231a892f9f65783cf7d2d24ee381f0feca",
                "sha256:ad8cdbc594c886483970ac274b5af98483b272e873b7c5dac60aa3a7222301b3",
                "sha256:b92f95994ff27a6992ea2cf3f369476ad0065986eb00252b760d0bc55c5454a8",
                "sha256:c1631570af7aae611f1cd7c6918fe4a7154507169ef30e8c5f380eba36ee2659",
                "sha256:cbd132f0aa7180f099d3c47fecfbcdca1590ef3b7da8346146192ba580c9b24e",
                "sha256:d06ef0f7873e04e2d1a2bfa0701d063e4dde5242b2946c6f071a442e4cb3be0b",
                "sha256:fea786428b34385b073ef619d896282889b432b87dc043c0b815c72d35d64025"
            ],
            "version": "==3.17.1"
        },
        "pyasn1": {
            "hashes": [
                "sha256:39c7e2ec30515947ff4e87fb6f456dfc6e84857d34be479c9d4a4ba4bf46aa5d",
                "sha256:aef77c9fb94a3ac588e87841208bdec464471d9871bd5050a287cc9a475cd0ba"
            ],
            "version": "==0.4.8"
        },
        "pyasn1-modules": {
            "hashes": [
                "sha256:905f84c712230b2c592c19470d3ca8d552de726050d1d1716282a1f6146be65e",
                "sha256:a50b808ffeb97cb3601dd25981f6b016cbb3d31fbf57a8b8a87428e6158d0c74"
            ],
            "version": "==0.2.8"
        },
        "pyparsing": {
            "hashes": [
                "sha256:c203ec8783bf771a155b207279b9bccb8dea02d8f0c9e5f8ead507bc3246ecc1",
                "sha256:ef9d7589ef3c200abe66653d3f1ab1033c3c419ae9b9bdb1240a85b024efc88b"
            ],
            "version": "==2.4.7"
        },
        "pysrt": {
            "hashes": [
                "sha256:b4f844ba33e4e7743e9db746492f3a193dc0bc112b153914698e7c1cdeb9b0b9"
            ],
            "version": "==1.1.2"
        },
        "pytz": {
            "hashes": [
                "sha256:83a4a90894bf38e243cf052c8b58f381bfe9a7a483f6a9cab140bc7f702ac4da",
                "sha256:eb10ce3e7736052ed3623d49975ce333bcd712c7bb19a58b9e2089d4057d0798"
            ],
            "version": "==2021.1"
        },
        "pyyaml": {
            "hashes": [
                "sha256:0e7f69397d53155e55d10ff68fdfb2cf630a35e6daf65cf0bdeaf04f127c09dc",
                "sha256:2e9f0b7c5914367b0916c3c104a024bb68f269a486b9d04a2e8ac6f6597b7803",
                "sha256:35ace9b4147848cafac3db142795ee42deebe9d0dad885ce643928e88daebdcc",
                "sha256:38a4f0d114101c58c0f3a88aeaa44d63efd588845c5a2df5290b73db8f246d15",
                "sha256:483eb6a33b671408c8529106df3707270bfacb2447bf8ad856a4b4f57f6e3075",
                "sha256:4b6be5edb9f6bb73680f5bf4ee08ff25416d1400fbd4535fe0069b2994da07cd",
                "sha256:7f38e35c00e160db592091751d385cd7b3046d6d51f578b29943225178257b31",
                "sha256:8100c896ecb361794d8bfdb9c11fce618c7cf83d624d73d5ab38aef3bc82d43f",
                "sha256:c0ee8eca2c582d29c3c2ec6e2c4f703d1b7f1fb10bc72317355a746057e7346c",
                "sha256:e4c015484ff0ff197564917b4b4246ca03f411b9bd7f16e02a2f586eb48b6d04",
                "sha256:ebc4ed52dcc93eeebeae5cf5deb2ae4347b3a81c3fa12b0b8c976544829396a4"
            ],
            "index": "pypi",
            "version": "==5.2"
        },
        "requests": {
            "hashes": [
                "sha256:27973dd4a904a4f13b263a19c866c13b92a39ed1c964655f025f3f8d3d75b804",
                "sha256:c210084e36a42ae6b9219e00e48287def368a26d03a048ddad7bfee44f75871e"
            ],
            "version": "==2.25.1"
        },
        "rsa": {
            "hashes": [
                "sha256:35c5b5f6675ac02120036d97cf96f1fde4d49670543db2822ba5015e21a18032",
                "sha256:4d409f5a7d78530a4a2062574c7bd80311bc3af29b364e293aa9b03eea77714f"
            ],
            "markers": "python_version < '3.6'",
            "version": "==4.5"
        },
        "six": {
            "hashes": [
                "sha256:1e61c37477a1626458e36f7b1d82aa5c9b094fa4802892072e49de9c60c4c926",
                "sha256:8abb2f1d86890a2dfb989f9a77cfcfd3e47c2a354b01111771326f8aa26e0254"
            ],
            "version": "==1.16.0"
        },
        "tqdm": {
            "hashes": [
                "sha256:736524215c690621b06fc89d0310a49822d75e599fcd0feb7cc742b98d692493",
                "sha256:cd5791b5d7c3f2f1819efc81d36eb719a38e0906a7380365c556779f585ea042"
            ],
            "version": "==4.61.0"
        },
        "uritemplate": {
            "hashes": [
                "sha256:07620c3f3f8eed1f12600845892b0e036a2420acf513c53f7de0abd911a5894f",
                "sha256:5af8ad10cec94f215e3f48112de2022e1d5a37ed427fbd88652fa908f2ab7cae"
            ],
            "version": "==3.0.1"
        },
        "urllib3": {
            "hashes": [
                "sha256:753a0374df26658f99d826cfe40394a686d05985786d946fbe4165b5148f5a7c",
                "sha256:a7acd0977125325f516bda9735fa7142b909a8d01e8b2e4c8108d0984e6e0098"
            ],
            "index": "pypi",
            "version": "==1.26.5"
        }
    },
    "develop": {}
}
